
Microsoft Visual Studio Solution File, Format Version 12.00
# Visual Studio 15
VisualStudioVersion = 15.0.28307.572
MinimumVisualStudioVersion = 10.0.40219.1
Project("{FAE04EC0-301F-11D3-BF4B-00C04F79EFBC}") = "HartLee_CE01", "HartLee_CE01\HartLee_CE01.csproj", "{10DCC259-070A-4444-83F2-8E5B7C42F5BF}"
EndProject
Global
	GlobalSection(SolutionConfigurationPlatforms) = preSolution
		Debug|Any CPU = Debug|Any CPU
		Release|Any CPU = Release|Any CPU
	EndGlobalSection
	GlobalSection(ProjectConfigurationPlatforms) = postSolution
		{10DCC259-070A-4444-83F2-8E5B7C42F5BF}.Debug|Any CPU.ActiveCfg = Debug|Any CPU
		{10DCC259-070A-4444-83F2-8E5B7C42F5BF}.Debug|Any CPU.Build.0 = Debug|Any CPU
		{10DCC259-070A-4444-83F2-8E5B7C42F5BF}.Release|Any CPU.ActiveCfg = Release|Any CPU
		{10DCC259-070A-4444-83F2-8E5B7C42F5BF}.Release|Any CPU.Build.0 = Release|Any CPU
	EndGlobalSection
	GlobalSection(SolutionProperties) = preSolution
		HideSolutionNode = FALSE
	EndGlobalSection
	GlobalSection(ExtensibilityGlobals) = postSolution
		SolutionGuid = {ED48DAB3-4BFA-4E15-AB6F-2DA37501EC62}
	EndGlobalSection
EndGlobal
